
Microsoft Visual Studio Solution File, Format Version 12.00
# Visual Studio Version 16
VisualStudioVersion = 16.0.30717.126
MinimumVisualStudioVersion = 10.0.40219.1
Project("{FAE04EC0-301F-11D3-BF4B-00C04F79EFBC}") = "PlatinumInform", "PlatinumInform\PlatinumInform.csproj", "{0F0D3AB2-5772-4E15-B0E4-8AAA95190882}"
EndProject
Project("{FAE04EC0-301F-11D3-BF4B-00C04F79EFBC}") = "ModulTests", "ModulTests\ModulTests.csproj", "{1F3232A0-E6A7-4755-9CE7-BFA6F29DBC8B}"
EndProject
Global
	GlobalSection(SolutionConfigurationPlatforms) = preSolution
		Debug|Any CPU = Debug|Any CPU
		Release|Any CPU = Release|Any CPU
	EndGlobalSection
	GlobalSection(ProjectConfigurationPlatforms) = postSolution
		{0F0D3AB2-5772-4E15-B0E4-8AAA95190882}.Debug|Any CPU.ActiveCfg = Debug|Any CPU
		{0F0D3AB2-5772-4E15-B0E4-8AAA95190882}.Debug|Any CPU.Build.0 = Debug|Any CPU
		{0F0D3AB2-5772-4E15-B0E4-8AAA95190882}.Release|Any CPU.ActiveCfg = Release|Any CPU
		{0F0D3AB2-5772-4E15-B0E4-8AAA95190882}.Release|Any CPU.Build.0 = Release|Any CPU
		{1F3232A0-E6A7-4755-9CE7-BFA6F29DBC8B}.Debug|Any CPU.ActiveCfg = Debug|Any CPU
		{1F3232A0-E6A7-4755-9CE7-BFA6F29DBC8B}.Debug|Any CPU.Build.0 = Debug|Any CPU
		{1F3232A0-E6A7-4755-9CE7-BFA6F29DBC8B}.Release|Any CPU.ActiveCfg = Release|Any CPU
		{1F3232A0-E6A7-4755-9CE7-BFA6F29DBC8B}.Release|Any CPU.Build.0 = Release|Any CPU
	EndGlobalSection
	GlobalSection(SolutionProperties) = preSolution
		HideSolutionNode = FALSE
	EndGlobalSection
	GlobalSection(ExtensibilityGlobals) = postSolution
		SolutionGuid = {B8B47BF6-C0D7-4D27-B6E8-18443C55EBE5}
	EndGlobalSection
EndGlobal
